
Microsoft Visual Studio Solution File, Format Version 12.00
# Visual Studio 2012
Project("{FAE04EC0-301F-11D3-BF4B-00C04F79EFBC}") = "RedboxAddin", "RedboxAddin.csproj", "{E2F9BE08-48E8-41D2-92B2-080C14A2E85C}"
EndProject
Project("{930C7802-8A8C-48F9-8165-68863BCCD9DD}") = "RedboxAddinSetup(2.0.14)", "RedboxAddinSetup\2.0.14\RedboxAddinSetup(2.0.14).wixproj", "{F8945502-3116-429F-9C1F-FD862A013B60}"
EndProject
Project("{930C7802-8A8C-48F9-8165-68863BCCD9DD}") = "RedboxAddinSetupPM", "RedboxAddinSetupPM\RedboxAddinSetupPM.wixproj", "{3D5D07D0-FEE3-49DC-AE47-425159A401C0}"
EndProject
Global
	GlobalSection(SolutionConfigurationPlatforms) = preSolution
		Debug|Any CPU = Debug|Any CPU
		Debug|Mixed Platforms = Debug|Mixed Platforms
		Debug|x86 = Debug|x86
		Release|Any CPU = Release|Any CPU
		Release|Mixed Platforms = Release|Mixed Platforms
		Release|x86 = Release|x86
	EndGlobalSection
	GlobalSection(ProjectConfigurationPlatforms) = postSolution
		{E2F9BE08-48E8-41D2-92B2-080C14A2E85C}.Debug|Any CPU.ActiveCfg = Debug|Any CPU
		{E2F9BE08-48E8-41D2-92B2-080C14A2E85C}.Debug|Any CPU.Build.0 = Debug|Any CPU
		{E2F9BE08-48E8-41D2-92B2-080C14A2E85C}.Debug|Mixed Platforms.ActiveCfg = Debug|Any CPU
		{E2F9BE08-48E8-41D2-92B2-080C14A2E85C}.Debug|Mixed Platforms.Build.0 = Debug|Any CPU
		{E2F9BE08-48E8-41D2-92B2-080C14A2E85C}.Debug|x86.ActiveCfg = Debug|Any CPU
		{E2F9BE08-48E8-41D2-92B2-080C14A2E85C}.Release|Any CPU.ActiveCfg = Release|Any CPU
		{E2F9BE08-48E8-41D2-92B2-080C14A2E85C}.Release|Any CPU.Build.0 = Release|Any CPU
		{E2F9BE08-48E8-41D2-92B2-080C14A2E85C}.Release|Mixed Platforms.ActiveCfg = Release|Any CPU
		{E2F9BE08-48E8-41D2-92B2-080C14A2E85C}.Release|Mixed Platforms.Build.0 = Release|Any CPU
		{E2F9BE08-48E8-41D2-92B2-080C14A2E85C}.Release|x86.ActiveCfg = Release|Any CPU
		{F8945502-3116-429F-9C1F-FD862A013B60}.Debug|Any CPU.ActiveCfg = Debug|x86
		{F8945502-3116-429F-9C1F-FD862A013B60}.Debug|Mixed Platforms.ActiveCfg = Debug|x86
		{F8945502-3116-429F-9C1F-FD862A013B60}.Debug|x86.ActiveCfg = Debug|x86
		{F8945502-3116-429F-9C1F-FD862A013B60}.Debug|x86.Build.0 = Debug|x86
		{F8945502-3116-429F-9C1F-FD862A013B60}.Release|Any CPU.ActiveCfg = Release|x86
		{F8945502-3116-429F-9C1F-FD862A013B60}.Release|Mixed Platforms.ActiveCfg = Release|x86
		{F8945502-3116-429F-9C1F-FD862A013B60}.Release|Mixed Platforms.Build.0 = Release|x86
		{F8945502-3116-429F-9C1F-FD862A013B60}.Release|x86.ActiveCfg = Release|x86
		{F8945502-3116-429F-9C1F-FD862A013B60}.Release|x86.Build.0 = Release|x86
		{3D5D07D0-FEE3-49DC-AE47-425159A401C0}.Debug|Any CPU.ActiveCfg = Debug|x86
		{3D5D07D0-FEE3-49DC-AE47-425159A401C0}.Debug|Mixed Platforms.ActiveCfg = Debug|x86
		{3D5D07D0-FEE3-49DC-AE47-425159A401C0}.Debug|Mixed Platforms.Build.0 = Debug|x86
		{3D5D07D0-FEE3-49DC-AE47-425159A401C0}.Debug|x86.ActiveCfg = Debug|x86
		{3D5D07D0-FEE3-49DC-AE47-425159A401C0}.Debug|x86.Build.0 = Debug|x86
		{3D5D07D0-FEE3-49DC-AE47-425159A401C0}.Release|Any CPU.ActiveCfg = Release|x86
		{3D5D07D0-FEE3-49DC-AE47-425159A401C0}.Release|Mixed Platforms.ActiveCfg = Release|x86
		{3D5D07D0-FEE3-49DC-AE47-425159A401C0}.Release|Mixed Platforms.Build.0 = Release|x86
		{3D5D07D0-FEE3-49DC-AE47-425159A401C0}.Release|x86.ActiveCfg = Release|x86
		{3D5D07D0-FEE3-49DC-AE47-425159A401C0}.Release|x86.Build.0 = Release|x86
	EndGlobalSection
	GlobalSection(SolutionProperties) = preSolution
		HideSolutionNode = FALSE
	EndGlobalSection
EndGlobal
